{
  "name": "test",
  "version": "1.0.0",
  "lockfileVersion": 3,
  "requires": true,
  "packages": {
    "": {
      "name": "test",
      "version": "1.0.0",
      "license": "MIT",
      "devDependencies": {
        "@biomejs/biome": "^1.6.2"
      }
    },
    "node_modules/@biomejs/biome": {
      "version": "1.7.0",
      "resolved": "https://registry.npmjs.org/@biomejs/biome/-/biome-1.7.0.tgz",
      "integrity": "sha512-mejiRhnAq6UrXtYvjWJUKdstcT58n0/FfKemFf3d2Ou0HxOdS88HQmWtQ/UgyZvOEPD572YbFTb6IheyROpqkw==",
      "dev": true,
      "hasInstallScript": true,
      "bin": {
        "biome": "bin/biome"
      },
      "engines": {
        "node": ">=14.21.3"
      },
      "funding": {
        "type": "opencollective",
        "url": "https://opencollective.com/biome"
      },
      "optionalDependencies": {
        "@biomejs/cli-darwin-arm64": "1.7.0",
        "@biomejs/cli-darwin-x64": "1.7.0",
        "@biomejs/cli-linux-arm64": "1.7.0",
        "@biomejs/cli-linux-arm64-musl": "1.7.0",
        "@biomejs/cli-linux-x64": "1.7.0",
        "@biomejs/cli-linux-x64-musl": "1.7.0",
        "@biomejs/cli-win32-arm64": "1.7.0",
        "@biomejs/cli-win32-x64": "1.7.0"
      }
    },
    "node_modules/@biomejs/cli-darwin-arm64": {
      "version": "1.7.0",
      "resolved": "https://registry.npmjs.org/@biomejs/cli-darwin-arm64/-/cli-darwin-arm64-1.7.0.tgz",
      "integrity": "sha512-12TaeaKHU4SAZt0fQJ2bYk1jUb4foope7LmgDE5p3c0uMxd3mFkg1k7G721T+K6UHYULcSOQDsNNM8DhYi8Irg==",
      "cpu": [
        "arm64"
      ],
      "dev": true,
      "optional": true,
      "os": [
        "darwin"
      ],
      "engines": {
        "node": ">=14.21.3"
      }
    },
    "node_modules/@biomejs/cli-darwin-x64": {
      "version": "1.7.0",
      "resolved": "https://registry.npmjs.org/@biomejs/cli-darwin-x64/-/cli-darwin-x64-1.7.0.tgz",
      "integrity": "sha512-6Qq1BSIB0cpp0cQNqO/+EiUV7FE3jMpF6w7+AgIBXp0oJxUWb2Ff0RDZdO9bfzkimXD58j0vGpNHMGnCcjDV2Q==",
      "cpu": [
        "x64"
      ],
      "dev": true,
      "optional": true,
      "os": [
        "darwin"
      ],
      "engines": {
        "node": ">=14.21.3"
      }
    },
    "node_modules/@biomejs/cli-linux-arm64": {
      "version": "1.7.0",
      "resolved": "https://registry.npmjs.org/@biomejs/cli-linux-arm64/-/cli-linux-arm64-1.7.0.tgz",
      "integrity": "sha512-GwSci7xBJ2j1CrdDXDUVXnUtrvypEz/xmiYPpFeVdlX5p95eXx+7FekPPbJfhGGw5WKSsKZ+V8AAlbN+kUwJWw==",
      "cpu": [
        "arm64"
      ],
      "dev": true,
      "optional": true,
      "os": [
        "linux"
      ],
      "engines": {
        "node": ">=14.21.3"
      }
    },
    "node_modules/@biomejs/cli-linux-arm64-musl": {
      "version": "1.7.0",
      "resolved": "https://registry.npmjs.org/@biomejs/cli-linux-arm64-musl/-/cli-linux-arm64-musl-1.7.0.tgz",
      "integrity": "sha512-pwIY80nU7SAxrVVZ6HD9ah1pruwh9ZqlSR0Nvbg4ZJqQa0POhiB+RJx7+/1Ml2mTZdrl8kb/YiwQpD16uwb5wg==",
      "cpu": [
        "arm64"
      ],
      "dev": true,
      "optional": true,
      "os": [
        "linux"
      ],
      "engines": {
        "node": ">=14.21.3"
      }
    },
    "node_modules/@biomejs/cli-linux-x64": {
      "version": "1.7.0",
      "resolved": "https://registry.npmjs.org/@biomejs/cli-linux-x64/-/cli-linux-x64-1.7.0.tgz",
      "integrity": "sha512-1y+odKQsyHcw0JCGRuqhbx7Y6jxOVSh4lGIVDdJxW1b55yD22DY1kcMEfhUte6f95OIc2uqfkwtiI6xQAiZJdw==",
      "cpu": [
        "x64"
      ],
      "dev": true,
      "optional": true,
      "os": [
        "linux"
      ],
      "engines": {
        "node": ">=14.21.3"
      }
    },
    "node_modules/@biomejs/cli-linux-x64-musl": {
      "version": "1.7.0",
      "resolved": "https://registry.npmjs.org/@biomejs/cli-linux-x64-musl/-/cli-linux-x64-musl-1.7.0.tgz",
      "integrity": "sha512-KzCA0mW4LSbCd7XZWaEJvTOTTBjfJoVEXkfq1fsXxww1HB+ww5PGMbhbIcbYCsj2CTJUifeD5hOkyuBVppU1xQ==",
      "cpu": [
        "x64"
      ],
      "dev": true,
      "optional": true,
      "os": [
        "linux"
      ],
      "engines": {
        "node": ">=14.21.3"
      }
    },
    "node_modules/@biomejs/cli-win32-arm64": {
      "version": "1.7.0",
      "resolved": "https://registry.npmjs.org/@biomejs/cli-win32-arm64/-/cli-win32-arm64-1.7.0.tgz",
      "integrity": "sha512-AvLDUYZBpOUFgS/mni4VruIoVV3uSGbKSkZQBPXsHgL0w4KttLll3NBrVanmWxOHsom6C6ocHLyfAY8HUc8TXg==",
      "cpu": [
        "arm64"
      ],
      "dev": true,
      "optional": true,
      "os": [
        "win32"
      ],
      "engines": {
        "node": ">=14.21.3"
      }
    },
    "node_modules/@biomejs/cli-win32-x64": {
      "version": "1.7.0",
      "resolved": "https://registry.npmjs.org/@biomejs/cli-win32-x64/-/cli-win32-x64-1.7.0.tgz",
      "integrity": "sha512-Pylm00BAAuLVb40IH9PC17432BTsY8K4pSUvhvgR1eaalnMaD6ug9SYJTTzKDbT6r24MPAGCTiSZERyhGkGzFQ==",
      "cpu": [
        "x64"
      ],
      "dev": true,
      "optional": true,
      "os": [
        "win32"
      ],
      "engines": {
        "node": ">=14.21.3"
      }
    }
  }
}
