{
  "name": "testdata",
  "version": "1.0.0",
  "lockfileVersion": 3,
  "requires": true,
  "packages": {
    "": {
      "name": "testdata",
      "version": "1.0.0",
      "license": "MIT",
      "devDependencies": {
        "@biomejs/biome": "^1.4.1"
      }
    },
    "node_modules/@biomejs/biome": {
      "version": "1.5.2",
      "resolved": "https://registry.npmjs.org/@biomejs/biome/-/biome-1.5.2.tgz",
      "integrity": "sha512-LhycxGQBQLmfv6M3e4tMfn/XKcUWyduDYOlCEBrHXJ2mMth2qzYt1JWypkWp+XmU/7Hl2dKvrP4mZ5W44+nWZw==",
      "dev": true,
      "hasInstallScript": true,
      "bin": {
        "biome": "bin/biome"
      },
      "engines": {
        "node": ">=14.*"
      },
      "funding": {
        "type": "opencollective",
        "url": "https://opencollective.com/biome"
      },
      "optionalDependencies": {
        "@biomejs/cli-darwin-arm64": "1.5.2",
        "@biomejs/cli-darwin-x64": "1.5.2",
        "@biomejs/cli-linux-arm64": "1.5.2",
        "@biomejs/cli-linux-arm64-musl": "1.5.2",
        "@biomejs/cli-linux-x64": "1.5.2",
        "@biomejs/cli-linux-x64-musl": "1.5.2",
        "@biomejs/cli-win32-arm64": "1.5.2",
        "@biomejs/cli-win32-x64": "1.5.2"
      }
    },
    "node_modules/@biomejs/cli-darwin-arm64": {
      "version": "1.5.2",
      "resolved": "https://registry.npmjs.org/@biomejs/cli-darwin-arm64/-/cli-darwin-arm64-1.5.2.tgz",
      "integrity": "sha512-3JVl08aHKsPyf0XL9SEj1lssIMmzOMAn2t1zwZKBiy/mcZdb0vuyMSTM5haMQ/90wEmrkYN7zux777PHEGrGiw==",
      "cpu": [
        "arm64"
      ],
      "dev": true,
      "optional": true,
      "os": [
        "darwin"
      ],
      "engines": {
        "node": ">=14.*"
      }
    },
    "node_modules/@biomejs/cli-darwin-x64": {
      "version": "1.5.2",
      "resolved": "https://registry.npmjs.org/@biomejs/cli-darwin-x64/-/cli-darwin-x64-1.5.2.tgz",
      "integrity": "sha512-QAPW9rZb/AgucUx+ogMg+9eJNipQDqvabktC5Tx4Aqb/mFzS6eDqNP7O0SbGz3DtC5Y2LATEj6o6zKIQ4ZT+3w==",
      "cpu": [
        "x64"
      ],
      "dev": true,
      "optional": true,
      "os": [
        "darwin"
      ],
      "engines": {
        "node": ">=14.*"
      }
    },
    "node_modules/@biomejs/cli-linux-arm64": {
      "version": "1.5.2",
      "resolved": "https://registry.npmjs.org/@biomejs/cli-linux-arm64/-/cli-linux-arm64-1.5.2.tgz",
      "integrity": "sha512-fVLrUgIlo05rO4cNu+Py5EwwmXnXhWH+8KrNlWkr2weMYjq85SihUsuWWKpmqU+bUVR+m5gwfcIXZVWYVCJMHw==",
      "cpu": [
        "arm64"
      ],
      "dev": true,
      "optional": true,
      "os": [
        "linux"
      ],
      "engines": {
        "node": ">=14.*"
      }
    },
    "node_modules/@biomejs/cli-linux-arm64-musl": {
      "version": "1.5.2",
      "resolved": "https://registry.npmjs.org/@biomejs/cli-linux-arm64-musl/-/cli-linux-arm64-musl-1.5.2.tgz",
      "integrity": "sha512-Z29SjaOyO4QfajplNXSjLx17S79oPN42D094zjE24z7C7p3NxvLhKLygtSP9emgaXkcoESe2chOzF4IrGy/rlg==",
      "cpu": [
        "arm64"
      ],
      "dev": true,
      "optional": true,
      "os": [
        "linux"
      ],
      "engines": {
        "node": ">=14.*"
      }
    },
    "node_modules/@biomejs/cli-linux-x64": {
      "version": "1.5.2",
      "resolved": "https://registry.npmjs.org/@biomejs/cli-linux-x64/-/cli-linux-x64-1.5.2.tgz",
      "integrity": "sha512-ixqJtUHtF0ho1+1DTZQLAEwHGSqvmvHhAAFXZQoaSdABn+IcITYExlFVA3bGvASy/xtPjRhTx42hVwPtLwMHwg==",
      "cpu": [
        "x64"
      ],
      "dev": true,
      "optional": true,
      "os": [
        "linux"
      ],
      "engines": {
        "node": ">=14.*"
      }
    },
    "node_modules/@biomejs/cli-linux-x64-musl": {
      "version": "1.5.2",
      "resolved": "https://registry.npmjs.org/@biomejs/cli-linux-x64-musl/-/cli-linux-x64-musl-1.5.2.tgz",
      "integrity": "sha512-ZolquPEjWYUmGeERS8svHOOT7OXEeoriPnV8qptgWJmYF9EO9HUGRn1UtCvdVziDYK+u1A7PxjOdkY1B00ty5A==",
      "cpu": [
        "x64"
      ],
      "dev": true,
      "optional": true,
      "os": [
        "linux"
      ],
      "engines": {
        "node": ">=14.*"
      }
    },
    "node_modules/@biomejs/cli-win32-arm64": {
      "version": "1.5.2",
      "resolved": "https://registry.npmjs.org/@biomejs/cli-win32-arm64/-/cli-win32-arm64-1.5.2.tgz",
      "integrity": "sha512-DN4cXSAoFTdjOoh7f+JITj1uQgQSXt+1pVea9bFrpbgip+ZwkONqQq+jUcmFMMehbp9LuiVtNXFz/ReHn6FY7A==",
      "cpu": [
        "arm64"
      ],
      "dev": true,
      "optional": true,
      "os": [
        "win32"
      ],
      "engines": {
        "node": ">=14.*"
      }
    },
    "node_modules/@biomejs/cli-win32-x64": {
      "version": "1.5.2",
      "resolved": "https://registry.npmjs.org/@biomejs/cli-win32-x64/-/cli-win32-x64-1.5.2.tgz",
      "integrity": "sha512-YvWWXZmk936FdrXqc2jcP6rfsXsNBIs9MKBQQoVXIihwNNRiAaBD9Iwa/ouU1b7Zxq2zETgeuRewVJickFuVOw==",
      "cpu": [
        "x64"
      ],
      "dev": true,
      "optional": true,
      "os": [
        "win32"
      ],
      "engines": {
        "node": ">=14.*"
      }
    }
  }
}
